// !$*UTF8*$!
{
	archiveVersion = 1;
	classes = {
	};
	objectVersion = 46;
	objects = {

/* Begin PBXBuildFile section */
		006D720419952D00008149E2 /* AVFoundation.framework in Frameworks */ = {isa = PBXBuildFile; fileRef = 006D720219952D00008149E2 /* AVFoundation.framework */; };
		006D720519952D00008149E2 /* CoreMedia.framework in Frameworks */ = {isa = PBXBuildFile; fileRef = 006D720319952D00008149E2 /* CoreMedia.framework */; };
		0091D8F90E81B9330029341E /* OpenGL.framework in Frameworks */ = {isa = PBXBuildFile; fileRef = 0091D8F80E81B9330029341E /* OpenGL.framework */; };
		00B784B30FF439BC000DE1D7 /* Accelerate.framework in Frameworks */ = {isa = PBXBuildFile; fileRef = 00B784AF0FF439BC000DE1D7 /* Accelerate.framework */; };
		00B784B40FF439BC000DE1D7 /* AudioToolbox.framework in Frameworks */ = {isa = PBXBuildFile; fileRef = 00B784B00FF439BC000DE1D7 /* AudioToolbox.framework */; };
		00B784B50FF439BC000DE1D7 /* AudioUnit.framework in Frameworks */ = {isa = PBXBuildFile; fileRef = 00B784B10FF439BC000DE1D7 /* AudioUnit.framework */; };
		00B784B60FF439BC000DE1D7 /* CoreAudio.framework in Frameworks */ = {isa = PBXBuildFile; fileRef = 00B784B20FF439BC000DE1D7 /* CoreAudio.framework */; };
		00B9955A1B128DF400A5C623 /* IOKit.framework in Frameworks */ = {isa = PBXBuildFile; fileRef = 00B995581B128DF400A5C623 /* IOKit.framework */; };
		00B9955B1B128DF400A5C623 /* IOSurface.framework in Frameworks */ = {isa = PBXBuildFile; fileRef = 00B995591B128DF400A5C623 /* IOSurface.framework */; };
		42816B9656594B63B28480F9 /* poShape.cpp in Sources */ = {isa = PBXBuildFile; fileRef = 1BE44352122F41B1BDEDA35B /* poShape.cpp */; };
		5323E6B20EAFCA74003A9687 /* CoreVideo.framework in Frameworks */ = {isa = PBXBuildFile; fileRef = 5323E6B10EAFCA74003A9687 /* CoreVideo.framework */; };
		553810761EAA05730024A61D /* VirtualCard.cpp in Sources */ = {isa = PBXBuildFile; fileRef = 553810741EAA05730024A61D /* VirtualCard.cpp */; };
		8D11072F0486CEB800E47090 /* Cocoa.framework in Frameworks */ = {isa = PBXBuildFile; fileRef = 1058C7A1FEA54F0111CA2CBB /* Cocoa.framework */; };
		B3BF499BD71F4D26A3AED0C6 /* poEventCenter.cpp in Sources */ = {isa = PBXBuildFile; fileRef = 39C588B1ECA7416CBAC97E97 /* poEventCenter.cpp */; };
		B5E9F683A5E84132B38713F4 /* poMatrixSet.cpp in Sources */ = {isa = PBXBuildFile; fileRef = 7B1308A4FA724C698273B11B /* poMatrixSet.cpp */; };
		BB14D5266A694A4FB6688BFF /* poNode.cpp in Sources */ = {isa = PBXBuildFile; fileRef = 2ECB7E8D1CD44AC680605636 /* poNode.cpp */; };
		C4E9D488487446C885AD83AB /* MicroCosmosApp.cpp in Sources */ = {isa = PBXBuildFile; fileRef = E170202DCF4A479BA319C4F4 /* MicroCosmosApp.cpp */; };
		D074DDFE79CE4B159419CAF9 /* poTextBox.cpp in Sources */ = {isa = PBXBuildFile; fileRef = 0E86B0038981470A8CC0A2EF /* poTextBox.cpp */; };
		D33321FB519D404C981062AF /* poScene.cpp in Sources */ = {isa = PBXBuildFile; fileRef = 1889B9D767644840A2B29AD4 /* poScene.cpp */; };
		D7B5818A285A4614B7D2DBF7 /* poImage.cpp in Sources */ = {isa = PBXBuildFile; fileRef = 5DA4A9ED36214D8B8D4A1259 /* poImage.cpp */; };
		DF18A94EE1D946AC966E2995 /* poEvents.cpp in Sources */ = {isa = PBXBuildFile; fileRef = C3BF087AE39741B7B794D4DF /* poEvents.cpp */; };
		E2ECDFB895614A5E98E655B7 /* poNodeContainer.cpp in Sources */ = {isa = PBXBuildFile; fileRef = FD7AC1400D5F42F1AEA95DC6 /* poNodeContainer.cpp */; };
		F5456D95A36349958442582A /* CinderApp.icns in Resources */ = {isa = PBXBuildFile; fileRef = 9DBFB139560A462DB225DADB /* CinderApp.icns */; };
/* End PBXBuildFile section */

/* Begin PBXFileReference section */
		006D720219952D00008149E2 /* AVFoundation.framework */ = {isa = PBXFileReference; lastKnownFileType = wrapper.framework; name = AVFoundation.framework; path = System/Library/Frameworks/AVFoundation.framework; sourceTree = SDKROOT; };
		006D720319952D00008149E2 /* CoreMedia.framework */ = {isa = PBXFileReference; lastKnownFileType = wrapper.framework; name = CoreMedia.framework; path = System/Library/Frameworks/CoreMedia.framework; sourceTree = SDKROOT; };
		0091D8F80E81B9330029341E /* OpenGL.framework */ = {isa = PBXFileReference; lastKnownFileType = wrapper.framework; name = OpenGL.framework; path = /System/Library/Frameworks/OpenGL.framework; sourceTree = "<absolute>"; };
		00B784AF0FF439BC000DE1D7 /* Accelerate.framework */ = {isa = PBXFileReference; lastKnownFileType = wrapper.framework; name = Accelerate.framework; path = System/Library/Frameworks/Accelerate.framework; sourceTree = SDKROOT; };
		00B784B00FF439BC000DE1D7 /* AudioToolbox.framework */ = {isa = PBXFileReference; lastKnownFileType = wrapper.framework; name = AudioToolbox.framework; path = System/Library/Frameworks/AudioToolbox.framework; sourceTree = SDKROOT; };
		00B784B10FF439BC000DE1D7 /* AudioUnit.framework */ = {isa = PBXFileReference; lastKnownFileType = wrapper.framework; name = AudioUnit.framework; path = System/Library/Frameworks/AudioUnit.framework; sourceTree = SDKROOT; };
		00B784B20FF439BC000DE1D7 /* CoreAudio.framework */ = {isa = PBXFileReference; lastKnownFileType = wrapper.framework; name = CoreAudio.framework; path = System/Library/Frameworks/CoreAudio.framework; sourceTree = SDKROOT; };
		00B995581B128DF400A5C623 /* IOKit.framework */ = {isa = PBXFileReference; lastKnownFileType = wrapper.framework; name = IOKit.framework; path = System/Library/Frameworks/IOKit.framework; sourceTree = SDKROOT; };
		00B995591B128DF400A5C623 /* IOSurface.framework */ = {isa = PBXFileReference; lastKnownFileType = wrapper.framework; name = IOSurface.framework; path = System/Library/Frameworks/IOSurface.framework; sourceTree = SDKROOT; };
		0E86B0038981470A8CC0A2EF /* poTextBox.cpp */ = {isa = PBXFileReference; lastKnownFileType = sourcecode.c.cpp; name = poTextBox.cpp; path = ../blocks/poScene/src/poScene/poTextBox.cpp; sourceTree = "<group>"; };
		1058C7A1FEA54F0111CA2CBB /* Cocoa.framework */ = {isa = PBXFileReference; lastKnownFileType = wrapper.framework; name = Cocoa.framework; path = /System/Library/Frameworks/Cocoa.framework; sourceTree = "<absolute>"; };
		1062C7EF4202416D9118E1B1 /* Resources.h */ = {isa = PBXFileReference; lastKnownFileType = sourcecode.c.h; name = Resources.h; path = ../include/Resources.h; sourceTree = "<group>"; };
		1889B9D767644840A2B29AD4 /* poScene.cpp */ = {isa = PBXFileReference; lastKnownFileType = sourcecode.c.cpp; name = poScene.cpp; path = ../blocks/poScene/src/poScene/poScene.cpp; sourceTree = "<group>"; };
		1A3290183F5C43CAA10DE359 /* poTextBox.h */ = {isa = PBXFileReference; lastKnownFileType = sourcecode.c.h; name = poTextBox.h; path = ../blocks/poScene/src/poScene/poTextBox.h; sourceTree = "<group>"; };
		1BE44352122F41B1BDEDA35B /* poShape.cpp */ = {isa = PBXFileReference; lastKnownFileType = sourcecode.c.cpp; name = poShape.cpp; path = ../blocks/poScene/src/poScene/poShape.cpp; sourceTree = "<group>"; };
		21DA5B056FC44BE68F62544B /* poNodeContainer.h */ = {isa = PBXFileReference; lastKnownFileType = sourcecode.c.h; name = poNodeContainer.h; path = ../blocks/poScene/src/poScene/poNodeContainer.h; sourceTree = "<group>"; };
		29B97324FDCFA39411CA2CEA /* AppKit.framework */ = {isa = PBXFileReference; lastKnownFileType = wrapper.framework; name = AppKit.framework; path = /System/Library/Frameworks/AppKit.framework; sourceTree = "<absolute>"; };
		29B97325FDCFA39411CA2CEA /* Foundation.framework */ = {isa = PBXFileReference; lastKnownFileType = wrapper.framework; name = Foundation.framework; path = /System/Library/Frameworks/Foundation.framework; sourceTree = "<absolute>"; };
		2ECB7E8D1CD44AC680605636 /* poNode.cpp */ = {isa = PBXFileReference; lastKnownFileType = sourcecode.c.cpp; name = poNode.cpp; path = ../blocks/poScene/src/poScene/poNode.cpp; sourceTree = "<group>"; };
		32518C66711F47D4B75F0118 /* poNode.h */ = {isa = PBXFileReference; lastKnownFileType = sourcecode.c.h; name = poNode.h; path = ../blocks/poScene/src/poScene/poNode.h; sourceTree = "<group>"; };
		39C588B1ECA7416CBAC97E97 /* poEventCenter.cpp */ = {isa = PBXFileReference; lastKnownFileType = sourcecode.c.cpp; name = poEventCenter.cpp; path = ../blocks/poScene/src/poScene/poEventCenter.cpp; sourceTree = "<group>"; };
		3FF666C7CB6346F8863FA3B8 /* poTextureFit.h */ = {isa = PBXFileReference; lastKnownFileType = sourcecode.c.h; name = poTextureFit.h; path = ../blocks/poScene/src/poScene/poTextureFit.h; sourceTree = "<group>"; };
		460BC49AD3944DC5B02C0643 /* poShape.h */ = {isa = PBXFileReference; lastKnownFileType = sourcecode.c.h; name = poShape.h; path = ../blocks/poScene/src/poScene/poShape.h; sourceTree = "<group>"; };
		5323E6B10EAFCA74003A9687 /* CoreVideo.framework */ = {isa = PBXFileReference; lastKnownFileType = wrapper.framework; name = CoreVideo.framework; path = /System/Library/Frameworks/CoreVideo.framework; sourceTree = "<absolute>"; };
		553810741EAA05730024A61D /* VirtualCard.cpp */ = {isa = PBXFileReference; fileEncoding = 4; lastKnownFileType = sourcecode.cpp.cpp; path = VirtualCard.cpp; sourceTree = "<group>"; };
		553810751EAA05730024A61D /* VirtualCard.hpp */ = {isa = PBXFileReference; fileEncoding = 4; lastKnownFileType = sourcecode.cpp.h; path = VirtualCard.hpp; sourceTree = "<group>"; };
		5DA4A9ED36214D8B8D4A1259 /* poImage.cpp */ = {isa = PBXFileReference; lastKnownFileType = sourcecode.c.cpp; name = poImage.cpp; path = ../blocks/poScene/src/poScene/poImage.cpp; sourceTree = "<group>"; };
		7B1308A4FA724C698273B11B /* poMatrixSet.cpp */ = {isa = PBXFileReference; lastKnownFileType = sourcecode.c.cpp; name = poMatrixSet.cpp; path = ../blocks/poScene/src/poScene/poMatrixSet.cpp; sourceTree = "<group>"; };
		8D1107320486CEB800E47090 /* MicroCosmos.app */ = {isa = PBXFileReference; explicitFileType = wrapper.application; includeInIndex = 0; path = MicroCosmos.app; sourceTree = BUILT_PRODUCTS_DIR; };
		9DBFB139560A462DB225DADB /* CinderApp.icns */ = {isa = PBXFileReference; lastKnownFileType = image.icns; name = CinderApp.icns; path = ../resources/CinderApp.icns; sourceTree = "<group>"; };
		A95E966ABB2D437FA7E11A02 /* poScene.h */ = {isa = PBXFileReference; lastKnownFileType = sourcecode.c.h; name = poScene.h; path = ../blocks/poScene/src/poScene/poScene.h; sourceTree = "<group>"; };
		B4B149BC10914D5EAA45891F /* poImage.h */ = {isa = PBXFileReference; lastKnownFileType = sourcecode.c.h; name = poImage.h; path = ../blocks/poScene/src/poScene/poImage.h; sourceTree = "<group>"; };
		BEDA412A01664DDCAF8AA00F /* poVideo.h */ = {isa = PBXFileReference; lastKnownFileType = sourcecode.c.h; name = poVideo.h; path = ../blocks/poScene/src/poScene/poVideo.h; sourceTree = "<group>"; };
		C3BF087AE39741B7B794D4DF /* poEvents.cpp */ = {isa = PBXFileReference; lastKnownFileType = sourcecode.c.cpp; name = poEvents.cpp; path = ../blocks/poScene/src/poScene/poEvents.cpp; sourceTree = "<group>"; };
		C3D91F0E2FD4477689C2F76C /* MicroCosmos_Prefix.pch */ = {isa = PBXFileReference; lastKnownFileType = "\"\""; path = MicroCosmos_Prefix.pch; sourceTree = "<group>"; };
		D809D129E095433D8980481C /* poMatrixSet.h */ = {isa = PBXFileReference; lastKnownFileType = sourcecode.c.h; name = poMatrixSet.h; path = ../blocks/poScene/src/poScene/poMatrixSet.h; sourceTree = "<group>"; };
		DBEEBE14705646E1BB632F8C /* Info.plist */ = {isa = PBXFileReference; lastKnownFileType = text.plist.xml; path = Info.plist; sourceTree = "<group>"; };
		E170202DCF4A479BA319C4F4 /* MicroCosmosApp.cpp */ = {isa = PBXFileReference; lastKnownFileType = sourcecode.c.cpp; name = MicroCosmosApp.cpp; path = ../src/MicroCosmosApp.cpp; sourceTree = "<group>"; };
		FBA4AE17EF8442FC967BECFF /* poEventCenter.h */ = {isa = PBXFileReference; lastKnownFileType = sourcecode.c.h; name = poEventCenter.h; path = ../blocks/poScene/src/poScene/poEventCenter.h; sourceTree = "<group>"; };
		FD7AC1400D5F42F1AEA95DC6 /* poNodeContainer.cpp */ = {isa = PBXFileReference; lastKnownFileType = sourcecode.c.cpp; name = poNodeContainer.cpp; path = ../blocks/poScene/src/poScene/poNodeContainer.cpp; sourceTree = "<group>"; };
		FE41B6BE45F94E61B0D77A2F /* poEvents.h */ = {isa = PBXFileReference; lastKnownFileType = sourcecode.c.h; name = poEvents.h; path = ../blocks/poScene/src/poScene/poEvents.h; sourceTree = "<group>"; };
/* End PBXFileReference section */

/* Begin PBXFrameworksBuildPhase section */
		8D11072E0486CEB800E47090 /* Frameworks */ = {
			isa = PBXFrameworksBuildPhase;
			buildActionMask = 2147483647;
			files = (
				006D720419952D00008149E2 /* AVFoundation.framework in Frameworks */,
				006D720519952D00008149E2 /* CoreMedia.framework in Frameworks */,
				8D11072F0486CEB800E47090 /* Cocoa.framework in Frameworks */,
				0091D8F90E81B9330029341E /* OpenGL.framework in Frameworks */,
				5323E6B20EAFCA74003A9687 /* CoreVideo.framework in Frameworks */,
				00B784B30FF439BC000DE1D7 /* Accelerate.framework in Frameworks */,
				00B784B40FF439BC000DE1D7 /* AudioToolbox.framework in Frameworks */,
				00B784B50FF439BC000DE1D7 /* AudioUnit.framework in Frameworks */,
				00B784B60FF439BC000DE1D7 /* CoreAudio.framework in Frameworks */,
				00B9955A1B128DF400A5C623 /* IOKit.framework in Frameworks */,
				00B9955B1B128DF400A5C623 /* IOSurface.framework in Frameworks */,
			);
			runOnlyForDeploymentPostprocessing = 0;
		};
/* End PBXFrameworksBuildPhase section */

/* Begin PBXGroup section */
		01B97315FEAEA392516A2CEA /* Blocks */ = {
			isa = PBXGroup;
			children = (
				872F8C7FE8364C0D8F1DAE7B /* poScene */,
			);
			name = Blocks;
			sourceTree = "<group>";
		};
		080E96DDFE201D6D7F000001 /* Source */ = {
			isa = PBXGroup;
			children = (
				E170202DCF4A479BA319C4F4 /* MicroCosmosApp.cpp */,
				553810741EAA05730024A61D /* VirtualCard.cpp */,
			);
			name = Source;
			sourceTree = "<group>";
		};
		1058C7A0FEA54F0111CA2CBB /* Linked Frameworks */ = {
			isa = PBXGroup;
			children = (
				006D720219952D00008149E2 /* AVFoundation.framework */,
				006D720319952D00008149E2 /* CoreMedia.framework */,
				00B784AF0FF439BC000DE1D7 /* Accelerate.framework */,
				00B784B00FF439BC000DE1D7 /* AudioToolbox.framework */,
				00B784B10FF439BC000DE1D7 /* AudioUnit.framework */,
				00B784B20FF439BC000DE1D7 /* CoreAudio.framework */,
				5323E6B10EAFCA74003A9687 /* CoreVideo.framework */,
				0091D8F80E81B9330029341E /* OpenGL.framework */,
				1058C7A1FEA54F0111CA2CBB /* Cocoa.framework */,
				00B995581B128DF400A5C623 /* IOKit.framework */,
				00B995591B128DF400A5C623 /* IOSurface.framework */,
			);
			name = "Linked Frameworks";
			sourceTree = "<group>";
		};
		1058C7A2FEA54F0111CA2CBB /* Other Frameworks */ = {
			isa = PBXGroup;
			children = (
				29B97324FDCFA39411CA2CEA /* AppKit.framework */,
				29B97325FDCFA39411CA2CEA /* Foundation.framework */,
			);
			name = "Other Frameworks";
			sourceTree = "<group>";
		};
		19C28FACFE9D520D11CA2CBB /* Products */ = {
			isa = PBXGroup;
			children = (
				8D1107320486CEB800E47090 /* MicroCosmos.app */,
			);
			name = Products;
			sourceTree = "<group>";
		};
		29B97314FDCFA39411CA2CEA /* MicroCosmos */ = {
			isa = PBXGroup;
			children = (
				01B97315FEAEA392516A2CEA /* Blocks */,
				29B97315FDCFA39411CA2CEA /* Headers */,
				080E96DDFE201D6D7F000001 /* Source */,
				29B97317FDCFA39411CA2CEA /* Resources */,
				29B97323FDCFA39411CA2CEA /* Frameworks */,
				19C28FACFE9D520D11CA2CBB /* Products */,
			);
			name = MicroCosmos;
			sourceTree = "<group>";
		};
		29B97315FDCFA39411CA2CEA /* Headers */ = {
			isa = PBXGroup;
			children = (
				1062C7EF4202416D9118E1B1 /* Resources.h */,
				C3D91F0E2FD4477689C2F76C /* MicroCosmos_Prefix.pch */,
				553810751EAA05730024A61D /* VirtualCard.hpp */,
			);
			name = Headers;
			sourceTree = "<group>";
		};
		29B97317FDCFA39411CA2CEA /* Resources */ = {
			isa = PBXGroup;
			children = (
				9DBFB139560A462DB225DADB /* CinderApp.icns */,
				DBEEBE14705646E1BB632F8C /* Info.plist */,
			);
			name = Resources;
			sourceTree = "<group>";
		};
		29B97323FDCFA39411CA2CEA /* Frameworks */ = {
			isa = PBXGroup;
			children = (
				1058C7A0FEA54F0111CA2CBB /* Linked Frameworks */,
				1058C7A2FEA54F0111CA2CBB /* Other Frameworks */,
			);
			name = Frameworks;
			sourceTree = "<group>";
		};
		872F8C7FE8364C0D8F1DAE7B /* poScene */ = {
			isa = PBXGroup;
			children = (
				D009AD4D7B13434BADD11878 /* src */,
			);
			name = poScene;
			sourceTree = "<group>";
		};
		B0ABD2CE0B344B01A0E1AA1B /* poScene */ = {
			isa = PBXGroup;
			children = (
				FBA4AE17EF8442FC967BECFF /* poEventCenter.h */,
				FE41B6BE45F94E61B0D77A2F /* poEvents.h */,
				B4B149BC10914D5EAA45891F /* poImage.h */,
				D809D129E095433D8980481C /* poMatrixSet.h */,
				32518C66711F47D4B75F0118 /* poNode.h */,
				21DA5B056FC44BE68F62544B /* poNodeContainer.h */,
				A95E966ABB2D437FA7E11A02 /* poScene.h */,
				460BC49AD3944DC5B02C0643 /* poShape.h */,
				1A3290183F5C43CAA10DE359 /* poTextBox.h */,
				3FF666C7CB6346F8863FA3B8 /* poTextureFit.h */,
				BEDA412A01664DDCAF8AA00F /* poVideo.h */,
				39C588B1ECA7416CBAC97E97 /* poEventCenter.cpp */,
				C3BF087AE39741B7B794D4DF /* poEvents.cpp */,
				5DA4A9ED36214D8B8D4A1259 /* poImage.cpp */,
				7B1308A4FA724C698273B11B /* poMatrixSet.cpp */,
				2ECB7E8D1CD44AC680605636 /* poNode.cpp */,
				FD7AC1400D5F42F1AEA95DC6 /* poNodeContainer.cpp */,
				1889B9D767644840A2B29AD4 /* poScene.cpp */,
				1BE44352122F41B1BDEDA35B /* poShape.cpp */,
				0E86B0038981470A8CC0A2EF /* poTextBox.cpp */,
			);
			name = poScene;
			sourceTree = "<group>";
		};
		D009AD4D7B13434BADD11878 /* src */ = {
			isa = PBXGroup;
			children = (
				B0ABD2CE0B344B01A0E1AA1B /* poScene */,
			);
			name = src;
			sourceTree = "<group>";
		};
/* End PBXGroup section */

/* Begin PBXNativeTarget section */
		8D1107260486CEB800E47090 /* MicroCosmos */ = {
			isa = PBXNativeTarget;
			buildConfigurationList = C01FCF4A08A954540054247B /* Build configuration list for PBXNativeTarget "MicroCosmos" */;
			buildPhases = (
				8D1107290486CEB800E47090 /* Resources */,
				8D11072C0486CEB800E47090 /* Sources */,
				8D11072E0486CEB800E47090 /* Frameworks */,
			);
			buildRules = (
			);
			dependencies = (
			);
			name = MicroCosmos;
			productInstallPath = "$(HOME)/Applications";
			productName = MicroCosmos;
			productReference = 8D1107320486CEB800E47090 /* MicroCosmos.app */;
			productType = "com.apple.product-type.application";
		};
/* End PBXNativeTarget section */

/* Begin PBXProject section */
		29B97313FDCFA39411CA2CEA /* Project object */ = {
			isa = PBXProject;
			attributes = {
			};
			buildConfigurationList = C01FCF4E08A954540054247B /* Build configuration list for PBXProject "MicroCosmos" */;
			compatibilityVersion = "Xcode 3.2";
			developmentRegion = English;
			hasScannedForEncodings = 1;
			knownRegions = (
				English,
				Japanese,
				French,
				German,
			);
			mainGroup = 29B97314FDCFA39411CA2CEA /* MicroCosmos */;
			projectDirPath = "";
			projectRoot = "";
			targets = (
				8D1107260486CEB800E47090 /* MicroCosmos */,
			);
		};
/* End PBXProject section */

/* Begin PBXResourcesBuildPhase section */
		8D1107290486CEB800E47090 /* Resources */ = {
			isa = PBXResourcesBuildPhase;
			buildActionMask = 2147483647;
			files = (
				F5456D95A36349958442582A /* CinderApp.icns in Resources */,
			);
			runOnlyForDeploymentPostprocessing = 0;
		};
/* End PBXResourcesBuildPhase section */

/* Begin PBXSourcesBuildPhase section */
		8D11072C0486CEB800E47090 /* Sources */ = {
			isa = PBXSourcesBuildPhase;
			buildActionMask = 2147483647;
			files = (
				C4E9D488487446C885AD83AB /* MicroCosmosApp.cpp in Sources */,
				B3BF499BD71F4D26A3AED0C6 /* poEventCenter.cpp in Sources */,
				DF18A94EE1D946AC966E2995 /* poEvents.cpp in Sources */,
				D7B5818A285A4614B7D2DBF7 /* poImage.cpp in Sources */,
				B5E9F683A5E84132B38713F4 /* poMatrixSet.cpp in Sources */,
				BB14D5266A694A4FB6688BFF /* poNode.cpp in Sources */,
				E2ECDFB895614A5E98E655B7 /* poNodeContainer.cpp in Sources */,
				D33321FB519D404C981062AF /* poScene.cpp in Sources */,
				553810761EAA05730024A61D /* VirtualCard.cpp in Sources */,
				42816B9656594B63B28480F9 /* poShape.cpp in Sources */,
				D074DDFE79CE4B159419CAF9 /* poTextBox.cpp in Sources */,
			);
			runOnlyForDeploymentPostprocessing = 0;
		};
/* End PBXSourcesBuildPhase section */

/* Begin XCBuildConfiguration section */
		C01FCF4B08A954540054247B /* Debug */ = {
			isa = XCBuildConfiguration;
			buildSettings = {
				COMBINE_HIDPI_IMAGES = YES;
				COPY_PHASE_STRIP = NO;
				DEAD_CODE_STRIPPING = YES;
				GCC_DYNAMIC_NO_PIC = NO;
				GCC_INLINES_ARE_PRIVATE_EXTERN = YES;
				GCC_OPTIMIZATION_LEVEL = 0;
				GCC_PRECOMPILE_PREFIX_HEADER = YES;
				GCC_PREFIX_HEADER = MicroCosmos_Prefix.pch;
				GCC_PREPROCESSOR_DEFINITIONS = (
					"DEBUG=1",
					"$(inherited)",
				);
				GCC_SYMBOLS_PRIVATE_EXTERN = NO;
				INFOPLIST_FILE = Info.plist;
				INSTALL_PATH = "$(HOME)/Applications";
				OTHER_LDFLAGS = "\"$(CINDER_PATH)/lib/macosx/$(CONFIGURATION)/libcinder.a\"";
				PRODUCT_BUNDLE_IDENTIFIER = "org.libcinder.${PRODUCT_NAME:rfc1034identifier}";
				PRODUCT_NAME = MicroCosmos;
				SYMROOT = ./build;
				WRAPPER_EXTENSION = app;
			};
			name = Debug;
		};
		C01FCF4C08A954540054247B /* Release */ = {
			isa = XCBuildConfiguration;
			buildSettings = {
				COMBINE_HIDPI_IMAGES = YES;
				DEAD_CODE_STRIPPING = YES;
				DEBUG_INFORMATION_FORMAT = "dwarf-with-dsym";
				GCC_FAST_MATH = YES;
				GCC_GENERATE_DEBUGGING_SYMBOLS = NO;
				GCC_INLINES_ARE_PRIVATE_EXTERN = YES;
				GCC_OPTIMIZATION_LEVEL = 3;
				GCC_PRECOMPILE_PREFIX_HEADER = YES;
				GCC_PREFIX_HEADER = MicroCosmos_Prefix.pch;
				GCC_PREPROCESSOR_DEFINITIONS = (
					"NDEBUG=1",
					"$(inherited)",
				);
				GCC_SYMBOLS_PRIVATE_EXTERN = NO;
				INFOPLIST_FILE = Info.plist;
				INSTALL_PATH = "$(HOME)/Applications";
				OTHER_LDFLAGS = "\"$(CINDER_PATH)/lib/macosx/$(CONFIGURATION)/libcinder.a\"";
				PRODUCT_BUNDLE_IDENTIFIER = "org.libcinder.${PRODUCT_NAME:rfc1034identifier}";
				PRODUCT_NAME = MicroCosmos;
				STRIP_INSTALLED_PRODUCT = YES;
				SYMROOT = ./build;
				WRAPPER_EXTENSION = app;
			};
			name = Release;
		};
		C01FCF4F08A954540054247B /* Debug */ = {
			isa = XCBuildConfiguration;
			buildSettings = {
				ALWAYS_SEARCH_USER_PATHS = NO;
				CINDER_PATH = ../../Cinder;
				CLANG_CXX_LANGUAGE_STANDARD = "c++11";
				CLANG_CXX_LIBRARY = "libc++";
				ENABLE_TESTABILITY = YES;
				GCC_WARN_ABOUT_RETURN_TYPE = YES;
				GCC_WARN_UNUSED_VARIABLE = YES;
				HEADER_SEARCH_PATHS = "\"$(CINDER_PATH)/include\"";
				MACOSX_DEPLOYMENT_TARGET = 10.8;
				ONLY_ACTIVE_ARCH = YES;
				SDKROOT = macosx;
				USER_HEADER_SEARCH_PATHS = "\"$(CINDER_PATH)/include\" ../include ../blocks/poScene/src/poScene";
			};
			name = Debug;
		};
		C01FCF5008A954540054247B /* Release */ = {
			isa = XCBuildConfiguration;
			buildSettings = {
				ALWAYS_SEARCH_USER_PATHS = NO;
				CINDER_PATH = ../../Cinder;
				CLANG_CXX_LANGUAGE_STANDARD = "c++11";
				CLANG_CXX_LIBRARY = "libc++";
				GCC_WARN_ABOUT_RETURN_TYPE = YES;
				GCC_WARN_UNUSED_VARIABLE = YES;
				HEADER_SEARCH_PATHS = "\"$(CINDER_PATH)/include\"";
				MACOSX_DEPLOYMENT_TARGET = 10.8;
				SDKROOT = macosx;
				USER_HEADER_SEARCH_PATHS = "\"$(CINDER_PATH)/include\" ../include ../blocks/poScene/src/poScene";
			};
			name = Release;
		};
/* End XCBuildConfiguration section */

/* Begin XCConfigurationList section */
		C01FCF4A08A954540054247B /* Build configuration list for PBXNativeTarget "MicroCosmos" */ = {
			isa = XCConfigurationList;
			buildConfigurations = (
				C01FCF4B08A954540054247B /* Debug */,
				C01FCF4C08A954540054247B /* Release */,
			);
			defaultConfigurationIsVisible = 0;
			defaultConfigurationName = Release;
		};
		C01FCF4E08A954540054247B /* Build configuration list for PBXProject "MicroCosmos" */ = {
			isa = XCConfigurationList;
			buildConfigurations = (
				C01FCF4F08A954540054247B /* Debug */,
				C01FCF5008A954540054247B /* Release */,
			);
			defaultConfigurationIsVisible = 0;
			defaultConfigurationName = Release;
		};
/* End XCConfigurationList section */
	};
	rootObject = 29B97313FDCFA39411CA2CEA /* Project object */;
}
