// !$*UTF8*$!
{
	archiveVersion = 1;
	classes = {
	};
	objectVersion = 46;
	objects = {

/* Begin PBXBuildFile section */
		006D720419952D00008149E2 /* AVFoundation.framework in Frameworks */ = {isa = PBXBuildFile; fileRef = 006D720219952D00008149E2 /* AVFoundation.framework */; };
		006D720519952D00008149E2 /* CoreMedia.framework in Frameworks */ = {isa = PBXBuildFile; fileRef = 006D720319952D00008149E2 /* CoreMedia.framework */; };
		0091D8F90E81B9330029341E /* OpenGL.framework in Frameworks */ = {isa = PBXBuildFile; fileRef = 0091D8F80E81B9330029341E /* OpenGL.framework */; };
		00B784B30FF439BC000DE1D7 /* Accelerate.framework in Frameworks */ = {isa = PBXBuildFile; fileRef = 00B784AF0FF439BC000DE1D7 /* Accelerate.framework */; };
		00B784B40FF439BC000DE1D7 /* AudioToolbox.framework in Frameworks */ = {isa = PBXBuildFile; fileRef = 00B784B00FF439BC000DE1D7 /* AudioToolbox.framework */; };
		00B784B50FF439BC000DE1D7 /* AudioUnit.framework in Frameworks */ = {isa = PBXBuildFile; fileRef = 00B784B10FF439BC000DE1D7 /* AudioUnit.framework */; };
		00B784B60FF439BC000DE1D7 /* CoreAudio.framework in Frameworks */ = {isa = PBXBuildFile; fileRef = 00B784B20FF439BC000DE1D7 /* CoreAudio.framework */; };
		00B9955A1B128DF400A5C623 /* IOKit.framework in Frameworks */ = {isa = PBXBuildFile; fileRef = 00B995581B128DF400A5C623 /* IOKit.framework */; };
		00B9955B1B128DF400A5C623 /* IOSurface.framework in Frameworks */ = {isa = PBXBuildFile; fileRef = 00B995591B128DF400A5C623 /* IOSurface.framework */; };
		0C73B5A61EAF48D300AEBA90 /* markerdetector.cpp in Sources */ = {isa = PBXBuildFile; fileRef = 0C73B59F1EAF48D300AEBA90 /* markerdetector.cpp */; };
		0C73B5A71EAF48D300AEBA90 /* marker.cpp in Sources */ = {isa = PBXBuildFile; fileRef = 0C73B5A01EAF48D300AEBA90 /* marker.cpp */; };
		0C73B5A81EAF48D300AEBA90 /* cvdrawingutils.cpp in Sources */ = {isa = PBXBuildFile; fileRef = 0C73B5A11EAF48D300AEBA90 /* cvdrawingutils.cpp */; };
		0C73B5A91EAF48D300AEBA90 /* cameraparameters.cpp in Sources */ = {isa = PBXBuildFile; fileRef = 0C73B5A21EAF48D300AEBA90 /* cameraparameters.cpp */; };
		0C73B5AA1EAF48D300AEBA90 /* boarddetector.cpp in Sources */ = {isa = PBXBuildFile; fileRef = 0C73B5A31EAF48D300AEBA90 /* boarddetector.cpp */; };
		0C73B5AB1EAF48D300AEBA90 /* board.cpp in Sources */ = {isa = PBXBuildFile; fileRef = 0C73B5A41EAF48D300AEBA90 /* board.cpp */; };
		0C73B5AC1EAF48D300AEBA90 /* arucofidmarkers.cpp in Sources */ = {isa = PBXBuildFile; fileRef = 0C73B5A51EAF48D300AEBA90 /* arucofidmarkers.cpp */; };
		0C73B5AE1EAF48F200AEBA90 /* CMakeLists.txt in Resources */ = {isa = PBXBuildFile; fileRef = 0C73B5AD1EAF48F200AEBA90 /* CMakeLists.txt */; };
		1B24B4DE94604C479AB8ECE4 /* poEvents.cpp in Sources */ = {isa = PBXBuildFile; fileRef = B4732F7BB49844A5AF3DD17C /* poEvents.cpp */; };
		1E0F5882798C9CBD73A1F0B3 /* ParticleController.cpp in Sources */ = {isa = PBXBuildFile; fileRef = 1E0F5409C5A1CF7DC9D15D90 /* ParticleController.cpp */; };
		23DDFC87866D4CF2AF1EE034 /* poScene.cpp in Sources */ = {isa = PBXBuildFile; fileRef = 0518B6445ABA46AC9CC83591 /* poScene.cpp */; };
		2D7326670CD54A5CA15A41F7 /* MicroCosmosApp.cpp in Sources */ = {isa = PBXBuildFile; fileRef = 7F27203C0C4F4701A8F87335 /* MicroCosmosApp.cpp */; };
		3AB136F33D9C4EC483FEACC7 /* QuickTime.framework in Frameworks */ = {isa = PBXBuildFile; fileRef = B6EBAFA76A364DE88C8002B9 /* QuickTime.framework */; };
		40FB401EC4D54F40BBFA9B43 /* OpenCL.framework in Frameworks */ = {isa = PBXBuildFile; fileRef = 5DE73A0B937E4867BFFAA291 /* OpenCL.framework */; };
		4895D6FBBC524357B3B86A1F /* poShape.cpp in Sources */ = {isa = PBXBuildFile; fileRef = 6FEB4880D7224A56B9EAD168 /* poShape.cpp */; };
		5323E6B20EAFCA74003A9687 /* CoreVideo.framework in Frameworks */ = {isa = PBXBuildFile; fileRef = 5323E6B10EAFCA74003A9687 /* CoreVideo.framework */; };
		55C5285E1EAF4EAB00A577CA /* Tracking.cpp in Sources */ = {isa = PBXBuildFile; fileRef = 55C5285C1EAF4EAB00A577CA /* Tracking.cpp */; };
		83ABE15C5FDF4FEFABC19354 /* poEventCenter.cpp in Sources */ = {isa = PBXBuildFile; fileRef = 65FE8FC3F8874945A27BD716 /* poEventCenter.cpp */; };
		8D11072F0486CEB800E47090 /* Cocoa.framework in Frameworks */ = {isa = PBXBuildFile; fileRef = 1058C7A1FEA54F0111CA2CBB /* Cocoa.framework */; };
		A8B4C9D28AE44F7E86D55891 /* poTextBox.cpp in Sources */ = {isa = PBXBuildFile; fileRef = AA42558374454BB7BBE03406 /* poTextBox.cpp */; };
		B4A4C49FFD914D99B3127272 /* poMatrixSet.cpp in Sources */ = {isa = PBXBuildFile; fileRef = 5B725A17D9B648089971E720 /* poMatrixSet.cpp */; };
		C1D802CFB7D049F6B04191B6 /* poImage.cpp in Sources */ = {isa = PBXBuildFile; fileRef = 322968C74FA34A70AE71ACFA /* poImage.cpp */; };
		C8868E51026543FE8A21021E /* poNodeContainer.cpp in Sources */ = {isa = PBXBuildFile; fileRef = 37D35CF55A9F4E2FB7CB0F61 /* poNodeContainer.cpp */; };
		DF09D65C1EAF465200C3A946 /* MicroCosmos.cpp in Sources */ = {isa = PBXBuildFile; fileRef = DF09D6591EAF465200C3A946 /* MicroCosmos.cpp */; };
		DF09D65D1EAF465200C3A946 /* RealCard.cpp in Sources */ = {isa = PBXBuildFile; fileRef = DF09D65A1EAF465200C3A946 /* RealCard.cpp */; };
		DF09D65E1EAF465200C3A946 /* VirtualCard.cpp in Sources */ = {isa = PBXBuildFile; fileRef = DF09D65B1EAF465200C3A946 /* VirtualCard.cpp */; };
		E386FD87F0AF41F1A2C020E9 /* poNode.cpp in Sources */ = {isa = PBXBuildFile; fileRef = 25DBFAD470704A6198BAA340 /* poNode.cpp */; };
		E6FF5D2361A849768AEFEED4 /* CinderApp.icns in Resources */ = {isa = PBXBuildFile; fileRef = E1BCC7DCE0544A59BA5F2336 /* CinderApp.icns */; };
/* End PBXBuildFile section */

/* Begin PBXFileReference section */
		006D720219952D00008149E2 /* AVFoundation.framework */ = {isa = PBXFileReference; lastKnownFileType = wrapper.framework; name = AVFoundation.framework; path = System/Library/Frameworks/AVFoundation.framework; sourceTree = SDKROOT; };
		006D720319952D00008149E2 /* CoreMedia.framework */ = {isa = PBXFileReference; lastKnownFileType = wrapper.framework; name = CoreMedia.framework; path = System/Library/Frameworks/CoreMedia.framework; sourceTree = SDKROOT; };
		0091D8F80E81B9330029341E /* OpenGL.framework */ = {isa = PBXFileReference; lastKnownFileType = wrapper.framework; name = OpenGL.framework; path = /System/Library/Frameworks/OpenGL.framework; sourceTree = "<absolute>"; };
		00B784AF0FF439BC000DE1D7 /* Accelerate.framework */ = {isa = PBXFileReference; lastKnownFileType = wrapper.framework; name = Accelerate.framework; path = System/Library/Frameworks/Accelerate.framework; sourceTree = SDKROOT; };
		00B784B00FF439BC000DE1D7 /* AudioToolbox.framework */ = {isa = PBXFileReference; lastKnownFileType = wrapper.framework; name = AudioToolbox.framework; path = System/Library/Frameworks/AudioToolbox.framework; sourceTree = SDKROOT; };
		00B784B10FF439BC000DE1D7 /* AudioUnit.framework */ = {isa = PBXFileReference; lastKnownFileType = wrapper.framework; name = AudioUnit.framework; path = System/Library/Frameworks/AudioUnit.framework; sourceTree = SDKROOT; };
		00B784B20FF439BC000DE1D7 /* CoreAudio.framework */ = {isa = PBXFileReference; lastKnownFileType = wrapper.framework; name = CoreAudio.framework; path = System/Library/Frameworks/CoreAudio.framework; sourceTree = SDKROOT; };
		00B995581B128DF400A5C623 /* IOKit.framework */ = {isa = PBXFileReference; lastKnownFileType = wrapper.framework; name = IOKit.framework; path = System/Library/Frameworks/IOKit.framework; sourceTree = SDKROOT; };
		00B995591B128DF400A5C623 /* IOSurface.framework */ = {isa = PBXFileReference; lastKnownFileType = wrapper.framework; name = IOSurface.framework; path = System/Library/Frameworks/IOSurface.framework; sourceTree = SDKROOT; };
		0518B6445ABA46AC9CC83591 /* poScene.cpp */ = {isa = PBXFileReference; lastKnownFileType = sourcecode.c.cpp; name = poScene.cpp; path = ../blocks/poScene/src/poScene/poScene.cpp; sourceTree = "<group>"; };
		0C73B59F1EAF48D300AEBA90 /* markerdetector.cpp */ = {isa = PBXFileReference; lastKnownFileType = sourcecode.cpp.cpp; name = markerdetector.cpp; path = ../src/aruco/src/markerdetector.cpp; sourceTree = "<group>"; };
		0C73B5A01EAF48D300AEBA90 /* marker.cpp */ = {isa = PBXFileReference; lastKnownFileType = sourcecode.cpp.cpp; name = marker.cpp; path = ../src/aruco/src/marker.cpp; sourceTree = "<group>"; };
		0C73B5A11EAF48D300AEBA90 /* cvdrawingutils.cpp */ = {isa = PBXFileReference; lastKnownFileType = sourcecode.cpp.cpp; name = cvdrawingutils.cpp; path = ../src/aruco/src/cvdrawingutils.cpp; sourceTree = "<group>"; };
		0C73B5A21EAF48D300AEBA90 /* cameraparameters.cpp */ = {isa = PBXFileReference; lastKnownFileType = sourcecode.cpp.cpp; name = cameraparameters.cpp; path = ../src/aruco/src/cameraparameters.cpp; sourceTree = "<group>"; };
		0C73B5A31EAF48D300AEBA90 /* boarddetector.cpp */ = {isa = PBXFileReference; lastKnownFileType = sourcecode.cpp.cpp; name = boarddetector.cpp; path = ../src/aruco/src/boarddetector.cpp; sourceTree = "<group>"; };
		0C73B5A41EAF48D300AEBA90 /* board.cpp */ = {isa = PBXFileReference; lastKnownFileType = sourcecode.cpp.cpp; name = board.cpp; path = ../src/aruco/src/board.cpp; sourceTree = "<group>"; };
		0C73B5A51EAF48D300AEBA90 /* arucofidmarkers.cpp */ = {isa = PBXFileReference; lastKnownFileType = sourcecode.cpp.cpp; name = arucofidmarkers.cpp; path = ../src/aruco/src/arucofidmarkers.cpp; sourceTree = "<group>"; };
		0C73B5AD1EAF48F200AEBA90 /* CMakeLists.txt */ = {isa = PBXFileReference; lastKnownFileType = text; name = CMakeLists.txt; path = ../src/aruco/src/CMakeLists.txt; sourceTree = "<group>"; };
		0F92591D42CD4A73AFFF372A /* Info.plist */ = {isa = PBXFileReference; lastKnownFileType = text.plist.xml; path = Info.plist; sourceTree = "<group>"; };
		1058C7A1FEA54F0111CA2CBB /* Cocoa.framework */ = {isa = PBXFileReference; lastKnownFileType = wrapper.framework; name = Cocoa.framework; path = /System/Library/Frameworks/Cocoa.framework; sourceTree = "<absolute>"; };
		1E0F53EEDE3ACD5EE19183F7 /* ParticleController.h */ = {isa = PBXFileReference; fileEncoding = 4; lastKnownFileType = sourcecode.c.h; name = ParticleController.h; path = ../include/ParticleController.h; sourceTree = "<group>"; };
		1E0F5409C5A1CF7DC9D15D90 /* ParticleController.cpp */ = {isa = PBXFileReference; fileEncoding = 4; lastKnownFileType = sourcecode.cpp.cpp; name = ParticleController.cpp; path = ../src/ParticleController.cpp; sourceTree = "<group>"; };
		2377E19CA4E246B3B5F3898F /* MicroCosmos_Prefix.pch */ = {isa = PBXFileReference; lastKnownFileType = "\"\""; path = MicroCosmos_Prefix.pch; sourceTree = "<group>"; };
		25DBFAD470704A6198BAA340 /* poNode.cpp */ = {isa = PBXFileReference; lastKnownFileType = sourcecode.c.cpp; name = poNode.cpp; path = ../blocks/poScene/src/poScene/poNode.cpp; sourceTree = "<group>"; };
		29B97324FDCFA39411CA2CEA /* AppKit.framework */ = {isa = PBXFileReference; lastKnownFileType = wrapper.framework; name = AppKit.framework; path = /System/Library/Frameworks/AppKit.framework; sourceTree = "<absolute>"; };
		29B97325FDCFA39411CA2CEA /* Foundation.framework */ = {isa = PBXFileReference; lastKnownFileType = wrapper.framework; name = Foundation.framework; path = /System/Library/Frameworks/Foundation.framework; sourceTree = "<absolute>"; };
		29DB19846DCB42A0A167A816 /* poTextBox.h */ = {isa = PBXFileReference; lastKnownFileType = sourcecode.c.h; name = poTextBox.h; path = ../blocks/poScene/src/poScene/poTextBox.h; sourceTree = "<group>"; };
		322968C74FA34A70AE71ACFA /* poImage.cpp */ = {isa = PBXFileReference; lastKnownFileType = sourcecode.c.cpp; name = poImage.cpp; path = ../blocks/poScene/src/poScene/poImage.cpp; sourceTree = "<group>"; };
		37D35CF55A9F4E2FB7CB0F61 /* poNodeContainer.cpp */ = {isa = PBXFileReference; lastKnownFileType = sourcecode.c.cpp; name = poNodeContainer.cpp; path = ../blocks/poScene/src/poScene/poNodeContainer.cpp; sourceTree = "<group>"; };
		3BF7B953BA2549CC8AFE330C /* poEventCenter.h */ = {isa = PBXFileReference; lastKnownFileType = sourcecode.c.h; name = poEventCenter.h; path = ../blocks/poScene/src/poScene/poEventCenter.h; sourceTree = "<group>"; };
		41CCC596B3AD40F88BF0B16E /* poImage.h */ = {isa = PBXFileReference; lastKnownFileType = sourcecode.c.h; name = poImage.h; path = ../blocks/poScene/src/poScene/poImage.h; sourceTree = "<group>"; };
		4A9A7E9F35A94B5E95AF0A8A /* poNodeContainer.h */ = {isa = PBXFileReference; lastKnownFileType = sourcecode.c.h; name = poNodeContainer.h; path = ../blocks/poScene/src/poScene/poNodeContainer.h; sourceTree = "<group>"; };
		5289C3D982B74ABB8E141582 /* poTextureFit.h */ = {isa = PBXFileReference; lastKnownFileType = sourcecode.c.h; name = poTextureFit.h; path = ../blocks/poScene/src/poScene/poTextureFit.h; sourceTree = "<group>"; };
		5323E6B10EAFCA74003A9687 /* CoreVideo.framework */ = {isa = PBXFileReference; lastKnownFileType = wrapper.framework; name = CoreVideo.framework; path = /System/Library/Frameworks/CoreVideo.framework; sourceTree = "<absolute>"; };
		55C5285C1EAF4EAB00A577CA /* Tracking.cpp */ = {isa = PBXFileReference; fileEncoding = 4; lastKnownFileType = sourcecode.cpp.cpp; name = Tracking.cpp; path = ../src/Tracking.cpp; sourceTree = "<group>"; };
		55C5285D1EAF4EAB00A577CA /* Tracking.hpp */ = {isa = PBXFileReference; fileEncoding = 4; lastKnownFileType = sourcecode.cpp.h; name = Tracking.hpp; path = ../src/Tracking.hpp; sourceTree = "<group>"; };
		57305E184FE14196B5EAA150 /* Resources.h */ = {isa = PBXFileReference; lastKnownFileType = sourcecode.c.h; name = Resources.h; path = ../include/Resources.h; sourceTree = "<group>"; };
		5B725A17D9B648089971E720 /* poMatrixSet.cpp */ = {isa = PBXFileReference; lastKnownFileType = sourcecode.c.cpp; name = poMatrixSet.cpp; path = ../blocks/poScene/src/poScene/poMatrixSet.cpp; sourceTree = "<group>"; };
		5DD7D2BC111F44CDB5C1C22F /* poScene.h */ = {isa = PBXFileReference; lastKnownFileType = sourcecode.c.h; name = poScene.h; path = ../blocks/poScene/src/poScene/poScene.h; sourceTree = "<group>"; };
		5DE73A0B937E4867BFFAA291 /* OpenCL.framework */ = {isa = PBXFileReference; lastKnownFileType = wrapper.framework; name = OpenCL.framework; path = System/Library/Frameworks/OpenCL.framework; sourceTree = SDKROOT; };
		638B9E38FD7D440EBCBBA808 /* poEvents.h */ = {isa = PBXFileReference; lastKnownFileType = sourcecode.c.h; name = poEvents.h; path = ../blocks/poScene/src/poScene/poEvents.h; sourceTree = "<group>"; };
		65FE8FC3F8874945A27BD716 /* poEventCenter.cpp */ = {isa = PBXFileReference; lastKnownFileType = sourcecode.c.cpp; name = poEventCenter.cpp; path = ../blocks/poScene/src/poScene/poEventCenter.cpp; sourceTree = "<group>"; };
		6FEB4880D7224A56B9EAD168 /* poShape.cpp */ = {isa = PBXFileReference; lastKnownFileType = sourcecode.c.cpp; name = poShape.cpp; path = ../blocks/poScene/src/poScene/poShape.cpp; sourceTree = "<group>"; };
		7F27203C0C4F4701A8F87335 /* MicroCosmosApp.cpp */ = {isa = PBXFileReference; lastKnownFileType = sourcecode.c.cpp; name = MicroCosmosApp.cpp; path = ../src/MicroCosmosApp.cpp; sourceTree = "<group>"; };
		8D1107320486CEB800E47090 /* MicroCosmos.app */ = {isa = PBXFileReference; explicitFileType = wrapper.application; includeInIndex = 0; path = MicroCosmos.app; sourceTree = BUILT_PRODUCTS_DIR; };
		AA42558374454BB7BBE03406 /* poTextBox.cpp */ = {isa = PBXFileReference; lastKnownFileType = sourcecode.c.cpp; name = poTextBox.cpp; path = ../blocks/poScene/src/poScene/poTextBox.cpp; sourceTree = "<group>"; };
		ABC73803E6A94D0ABD3CCEAE /* poShape.h */ = {isa = PBXFileReference; lastKnownFileType = sourcecode.c.h; name = poShape.h; path = ../blocks/poScene/src/poScene/poShape.h; sourceTree = "<group>"; };
		AEFF98A6A1D2442DA3178716 /* CinderOpenCV.h */ = {isa = PBXFileReference; lastKnownFileType = sourcecode.c.h; name = CinderOpenCV.h; path = ../blocks/OpenCV3/include/CinderOpenCV.h; sourceTree = "<group>"; };
		B0E04068C68B43C5BDA6335B /* poMatrixSet.h */ = {isa = PBXFileReference; lastKnownFileType = sourcecode.c.h; name = poMatrixSet.h; path = ../blocks/poScene/src/poScene/poMatrixSet.h; sourceTree = "<group>"; };
		B4732F7BB49844A5AF3DD17C /* poEvents.cpp */ = {isa = PBXFileReference; lastKnownFileType = sourcecode.c.cpp; name = poEvents.cpp; path = ../blocks/poScene/src/poScene/poEvents.cpp; sourceTree = "<group>"; };
		B6EBAFA76A364DE88C8002B9 /* QuickTime.framework */ = {isa = PBXFileReference; lastKnownFileType = wrapper.framework; name = QuickTime.framework; path = System/Library/Frameworks/QuickTime.framework; sourceTree = SDKROOT; };
		D0ED06E1F1EF49788F097B1F /* poVideo.h */ = {isa = PBXFileReference; lastKnownFileType = sourcecode.c.h; name = poVideo.h; path = ../blocks/poScene/src/poScene/poVideo.h; sourceTree = "<group>"; };
		DF09D6591EAF465200C3A946 /* MicroCosmos.cpp */ = {isa = PBXFileReference; fileEncoding = 4; lastKnownFileType = sourcecode.cpp.cpp; name = MicroCosmos.cpp; path = ../src/MicroCosmos.cpp; sourceTree = "<group>"; };
		DF09D65A1EAF465200C3A946 /* RealCard.cpp */ = {isa = PBXFileReference; fileEncoding = 4; lastKnownFileType = sourcecode.cpp.cpp; name = RealCard.cpp; path = ../src/RealCard.cpp; sourceTree = "<group>"; };
		DF09D65B1EAF465200C3A946 /* VirtualCard.cpp */ = {isa = PBXFileReference; fileEncoding = 4; lastKnownFileType = sourcecode.cpp.cpp; name = VirtualCard.cpp; path = ../src/VirtualCard.cpp; sourceTree = "<group>"; };
		DF09D65F1EAF465E00C3A946 /* MicroCosmos.hpp */ = {isa = PBXFileReference; lastKnownFileType = sourcecode.cpp.h; name = MicroCosmos.hpp; path = ../include/MicroCosmos.hpp; sourceTree = "<group>"; };
		DF09D6601EAF465E00C3A946 /* RealCard.h */ = {isa = PBXFileReference; lastKnownFileType = sourcecode.c.h; name = RealCard.h; path = ../include/RealCard.h; sourceTree = "<group>"; };
		DF09D6611EAF465E00C3A946 /* VirtualCard.hpp */ = {isa = PBXFileReference; lastKnownFileType = sourcecode.cpp.h; name = VirtualCard.hpp; path = ../include/VirtualCard.hpp; sourceTree = "<group>"; };
		E1BCC7DCE0544A59BA5F2336 /* CinderApp.icns */ = {isa = PBXFileReference; lastKnownFileType = image.icns; name = CinderApp.icns; path = ../resources/CinderApp.icns; sourceTree = "<group>"; };
		E7BFADE9D03948969C25E045 /* poNode.h */ = {isa = PBXFileReference; lastKnownFileType = sourcecode.c.h; name = poNode.h; path = ../blocks/poScene/src/poScene/poNode.h; sourceTree = "<group>"; };
/* End PBXFileReference section */

/* Begin PBXFrameworksBuildPhase section */
		8D11072E0486CEB800E47090 /* Frameworks */ = {
			isa = PBXFrameworksBuildPhase;
			buildActionMask = 2147483647;
			files = (
				006D720419952D00008149E2 /* AVFoundation.framework in Frameworks */,
				006D720519952D00008149E2 /* CoreMedia.framework in Frameworks */,
				8D11072F0486CEB800E47090 /* Cocoa.framework in Frameworks */,
				0091D8F90E81B9330029341E /* OpenGL.framework in Frameworks */,
				5323E6B20EAFCA74003A9687 /* CoreVideo.framework in Frameworks */,
				00B784B30FF439BC000DE1D7 /* Accelerate.framework in Frameworks */,
				00B784B40FF439BC000DE1D7 /* AudioToolbox.framework in Frameworks */,
				00B784B50FF439BC000DE1D7 /* AudioUnit.framework in Frameworks */,
				00B784B60FF439BC000DE1D7 /* CoreAudio.framework in Frameworks */,
				00B9955A1B128DF400A5C623 /* IOKit.framework in Frameworks */,
				00B9955B1B128DF400A5C623 /* IOSurface.framework in Frameworks */,
				40FB401EC4D54F40BBFA9B43 /* OpenCL.framework in Frameworks */,
				3AB136F33D9C4EC483FEACC7 /* QuickTime.framework in Frameworks */,
			);
			runOnlyForDeploymentPostprocessing = 0;
		};
/* End PBXFrameworksBuildPhase section */

/* Begin PBXGroup section */
		01B97315FEAEA392516A2CEA /* Blocks */ = {
			isa = PBXGroup;
			children = (
				9C4AD1A57F284F44B6DA82A0 /* OpenCV3 */,
				ECAA483EF5B54BFAA39F0E9D /* poScene */,
			);
			name = Blocks;
			sourceTree = "<group>";
		};
		080E96DDFE201D6D7F000001 /* Source */ = {
			isa = PBXGroup;
			children = (
				0C73B5AF1EAF48F600AEBA90 /* aruco */,
				DF09D6591EAF465200C3A946 /* MicroCosmos.cpp */,
				DF09D65A1EAF465200C3A946 /* RealCard.cpp */,
				DF09D65B1EAF465200C3A946 /* VirtualCard.cpp */,
				7F27203C0C4F4701A8F87335 /* MicroCosmosApp.cpp */,
				55C5285C1EAF4EAB00A577CA /* Tracking.cpp */,
				1E0F5409C5A1CF7DC9D15D90 /* ParticleController.cpp */,
			);
			name = Source;
			sourceTree = "<group>";
		};
		0C73B5AF1EAF48F600AEBA90 /* aruco */ = {
			isa = PBXGroup;
			children = (
				0C73B5B01EAF48FC00AEBA90 /* src */,
			);
			name = aruco;
			sourceTree = "<group>";
		};
		0C73B5B01EAF48FC00AEBA90 /* src */ = {
			isa = PBXGroup;
			children = (
				0C73B59F1EAF48D300AEBA90 /* markerdetector.cpp */,
				0C73B5A01EAF48D300AEBA90 /* marker.cpp */,
				0C73B5A11EAF48D300AEBA90 /* cvdrawingutils.cpp */,
				0C73B5A21EAF48D300AEBA90 /* cameraparameters.cpp */,
				0C73B5A31EAF48D300AEBA90 /* boarddetector.cpp */,
				0C73B5A41EAF48D300AEBA90 /* board.cpp */,
				0C73B5A51EAF48D300AEBA90 /* arucofidmarkers.cpp */,
			);
			name = src;
			sourceTree = "<group>";
		};
		1058C7A0FEA54F0111CA2CBB /* Linked Frameworks */ = {
			isa = PBXGroup;
			children = (
				006D720219952D00008149E2 /* AVFoundation.framework */,
				006D720319952D00008149E2 /* CoreMedia.framework */,
				00B784AF0FF439BC000DE1D7 /* Accelerate.framework */,
				00B784B00FF439BC000DE1D7 /* AudioToolbox.framework */,
				00B784B10FF439BC000DE1D7 /* AudioUnit.framework */,
				00B784B20FF439BC000DE1D7 /* CoreAudio.framework */,
				5323E6B10EAFCA74003A9687 /* CoreVideo.framework */,
				0091D8F80E81B9330029341E /* OpenGL.framework */,
				1058C7A1FEA54F0111CA2CBB /* Cocoa.framework */,
				00B995581B128DF400A5C623 /* IOKit.framework */,
				00B995591B128DF400A5C623 /* IOSurface.framework */,
			);
			name = "Linked Frameworks";
			sourceTree = "<group>";
		};
		1058C7A2FEA54F0111CA2CBB /* Other Frameworks */ = {
			isa = PBXGroup;
			children = (
				29B97324FDCFA39411CA2CEA /* AppKit.framework */,
				29B97325FDCFA39411CA2CEA /* Foundation.framework */,
			);
			name = "Other Frameworks";
			sourceTree = "<group>";
		};
		19C28FACFE9D520D11CA2CBB /* Products */ = {
			isa = PBXGroup;
			children = (
				8D1107320486CEB800E47090 /* MicroCosmos.app */,
			);
			name = Products;
			sourceTree = "<group>";
		};
		29B97314FDCFA39411CA2CEA /* MicroCosmos */ = {
			isa = PBXGroup;
			children = (
				0C73B5AD1EAF48F200AEBA90 /* CMakeLists.txt */,
				01B97315FEAEA392516A2CEA /* Blocks */,
				29B97315FDCFA39411CA2CEA /* Headers */,
				080E96DDFE201D6D7F000001 /* Source */,
				29B97317FDCFA39411CA2CEA /* Resources */,
				29B97323FDCFA39411CA2CEA /* Frameworks */,
				19C28FACFE9D520D11CA2CBB /* Products */,
			);
			name = MicroCosmos;
			sourceTree = "<group>";
		};
		29B97315FDCFA39411CA2CEA /* Headers */ = {
			isa = PBXGroup;
			children = (
				DF09D65F1EAF465E00C3A946 /* MicroCosmos.hpp */,
				DF09D6601EAF465E00C3A946 /* RealCard.h */,
				DF09D6611EAF465E00C3A946 /* VirtualCard.hpp */,
				57305E184FE14196B5EAA150 /* Resources.h */,
				2377E19CA4E246B3B5F3898F /* MicroCosmos_Prefix.pch */,
				55C5285D1EAF4EAB00A577CA /* Tracking.hpp */,
				1E0F53EEDE3ACD5EE19183F7 /* ParticleController.h */,
			);
			name = Headers;
			sourceTree = "<group>";
		};
		29B97317FDCFA39411CA2CEA /* Resources */ = {
			isa = PBXGroup;
			children = (
				E1BCC7DCE0544A59BA5F2336 /* CinderApp.icns */,
				0F92591D42CD4A73AFFF372A /* Info.plist */,
			);
			name = Resources;
			sourceTree = "<group>";
		};
		29B97323FDCFA39411CA2CEA /* Frameworks */ = {
			isa = PBXGroup;
			children = (
				1058C7A0FEA54F0111CA2CBB /* Linked Frameworks */,
				1058C7A2FEA54F0111CA2CBB /* Other Frameworks */,
				5DE73A0B937E4867BFFAA291 /* OpenCL.framework */,
				B6EBAFA76A364DE88C8002B9 /* QuickTime.framework */,
			);
			name = Frameworks;
			sourceTree = "<group>";
		};
		2D1B31E6301F47889AD348E6 /* include */ = {
			isa = PBXGroup;
			children = (
				AEFF98A6A1D2442DA3178716 /* CinderOpenCV.h */,
			);
			name = include;
			sourceTree = "<group>";
		};
		39728BA498F34DE09BE5BD2E /* src */ = {
			isa = PBXGroup;
			children = (
				E659E14EAE934061BF2F73A8 /* poScene */,
			);
			name = src;
			sourceTree = "<group>";
		};
		9C4AD1A57F284F44B6DA82A0 /* OpenCV3 */ = {
			isa = PBXGroup;
			children = (
				2D1B31E6301F47889AD348E6 /* include */,
			);
			name = OpenCV3;
			sourceTree = "<group>";
		};
		E659E14EAE934061BF2F73A8 /* poScene */ = {
			isa = PBXGroup;
			children = (
				3BF7B953BA2549CC8AFE330C /* poEventCenter.h */,
				638B9E38FD7D440EBCBBA808 /* poEvents.h */,
				41CCC596B3AD40F88BF0B16E /* poImage.h */,
				B0E04068C68B43C5BDA6335B /* poMatrixSet.h */,
				E7BFADE9D03948969C25E045 /* poNode.h */,
				4A9A7E9F35A94B5E95AF0A8A /* poNodeContainer.h */,
				5DD7D2BC111F44CDB5C1C22F /* poScene.h */,
				ABC73803E6A94D0ABD3CCEAE /* poShape.h */,
				29DB19846DCB42A0A167A816 /* poTextBox.h */,
				5289C3D982B74ABB8E141582 /* poTextureFit.h */,
				D0ED06E1F1EF49788F097B1F /* poVideo.h */,
				65FE8FC3F8874945A27BD716 /* poEventCenter.cpp */,
				B4732F7BB49844A5AF3DD17C /* poEvents.cpp */,
				322968C74FA34A70AE71ACFA /* poImage.cpp */,
				5B725A17D9B648089971E720 /* poMatrixSet.cpp */,
				25DBFAD470704A6198BAA340 /* poNode.cpp */,
				37D35CF55A9F4E2FB7CB0F61 /* poNodeContainer.cpp */,
				0518B6445ABA46AC9CC83591 /* poScene.cpp */,
				6FEB4880D7224A56B9EAD168 /* poShape.cpp */,
				AA42558374454BB7BBE03406 /* poTextBox.cpp */,
			);
			name = poScene;
			sourceTree = "<group>";
		};
		ECAA483EF5B54BFAA39F0E9D /* poScene */ = {
			isa = PBXGroup;
			children = (
				39728BA498F34DE09BE5BD2E /* src */,
			);
			name = poScene;
			sourceTree = "<group>";
		};
/* End PBXGroup section */

/* Begin PBXNativeTarget section */
		8D1107260486CEB800E47090 /* MicroCosmos */ = {
			isa = PBXNativeTarget;
			buildConfigurationList = C01FCF4A08A954540054247B /* Build configuration list for PBXNativeTarget "MicroCosmos" */;
			buildPhases = (
				8D1107290486CEB800E47090 /* Resources */,
				8D11072C0486CEB800E47090 /* Sources */,
				8D11072E0486CEB800E47090 /* Frameworks */,
			);
			buildRules = (
			);
			dependencies = (
			);
			name = MicroCosmos;
			productInstallPath = "$(HOME)/Applications";
			productName = MicroCosmos;
			productReference = 8D1107320486CEB800E47090 /* MicroCosmos.app */;
			productType = "com.apple.product-type.application";
		};
/* End PBXNativeTarget section */

/* Begin PBXProject section */
		29B97313FDCFA39411CA2CEA /* Project object */ = {
			isa = PBXProject;
			attributes = {
			};
			buildConfigurationList = C01FCF4E08A954540054247B /* Build configuration list for PBXProject "MicroCosmos" */;
			compatibilityVersion = "Xcode 3.2";
			developmentRegion = English;
			hasScannedForEncodings = 1;
			knownRegions = (
				English,
				Japanese,
				French,
				German,
			);
			mainGroup = 29B97314FDCFA39411CA2CEA /* MicroCosmos */;
			projectDirPath = "";
			projectRoot = "";
			targets = (
				8D1107260486CEB800E47090 /* MicroCosmos */,
			);
		};
/* End PBXProject section */

/* Begin PBXResourcesBuildPhase section */
		8D1107290486CEB800E47090 /* Resources */ = {
			isa = PBXResourcesBuildPhase;
			buildActionMask = 2147483647;
			files = (
				0C73B5AE1EAF48F200AEBA90 /* CMakeLists.txt in Resources */,
				E6FF5D2361A849768AEFEED4 /* CinderApp.icns in Resources */,
			);
			runOnlyForDeploymentPostprocessing = 0;
		};
/* End PBXResourcesBuildPhase section */

/* Begin PBXSourcesBuildPhase section */
		8D11072C0486CEB800E47090 /* Sources */ = {
			isa = PBXSourcesBuildPhase;
			buildActionMask = 2147483647;
			files = (
				0C73B5A61EAF48D300AEBA90 /* markerdetector.cpp in Sources */,
				0C73B5A71EAF48D300AEBA90 /* marker.cpp in Sources */,
				0C73B5A81EAF48D300AEBA90 /* cvdrawingutils.cpp in Sources */,
				0C73B5A91EAF48D300AEBA90 /* cameraparameters.cpp in Sources */,
				0C73B5AA1EAF48D300AEBA90 /* boarddetector.cpp in Sources */,
				0C73B5AB1EAF48D300AEBA90 /* board.cpp in Sources */,
				0C73B5AC1EAF48D300AEBA90 /* arucofidmarkers.cpp in Sources */,
				2D7326670CD54A5CA15A41F7 /* MicroCosmosApp.cpp in Sources */,
				83ABE15C5FDF4FEFABC19354 /* poEventCenter.cpp in Sources */,
				1B24B4DE94604C479AB8ECE4 /* poEvents.cpp in Sources */,
				C1D802CFB7D049F6B04191B6 /* poImage.cpp in Sources */,
				B4A4C49FFD914D99B3127272 /* poMatrixSet.cpp in Sources */,
				E386FD87F0AF41F1A2C020E9 /* poNode.cpp in Sources */,
				55C5285E1EAF4EAB00A577CA /* Tracking.cpp in Sources */,
				C8868E51026543FE8A21021E /* poNodeContainer.cpp in Sources */,
				DF09D65D1EAF465200C3A946 /* RealCard.cpp in Sources */,
				23DDFC87866D4CF2AF1EE034 /* poScene.cpp in Sources */,
				DF09D65E1EAF465200C3A946 /* VirtualCard.cpp in Sources */,
				DF09D65C1EAF465200C3A946 /* MicroCosmos.cpp in Sources */,
				4895D6FBBC524357B3B86A1F /* poShape.cpp in Sources */,
				A8B4C9D28AE44F7E86D55891 /* poTextBox.cpp in Sources */,
				1E0F5882798C9CBD73A1F0B3 /* ParticleController.cpp in Sources */,
			);
			runOnlyForDeploymentPostprocessing = 0;
		};
/* End PBXSourcesBuildPhase section */

/* Begin XCBuildConfiguration section */
		C01FCF4B08A954540054247B /* Debug */ = {
			isa = XCBuildConfiguration;
			buildSettings = {
				CINDER_PATH = ../../../Cinder;
				COMBINE_HIDPI_IMAGES = YES;
				COPY_PHASE_STRIP = NO;
				DEAD_CODE_STRIPPING = YES;
				GCC_DYNAMIC_NO_PIC = NO;
				GCC_INLINES_ARE_PRIVATE_EXTERN = YES;
				GCC_OPTIMIZATION_LEVEL = 0;
				GCC_PRECOMPILE_PREFIX_HEADER = YES;
				GCC_PREFIX_HEADER = MicroCosmos_Prefix.pch;
				GCC_PREPROCESSOR_DEFINITIONS = (
					"DEBUG=1",
					"$(inherited)",
				);
				GCC_SYMBOLS_PRIVATE_EXTERN = NO;
				INFOPLIST_FILE = Info.plist;
				INSTALL_PATH = "$(HOME)/Applications";
				OTHER_LDFLAGS = (
					"\"$(CINDER_PATH)/lib/macosx/$(CONFIGURATION)/libcinder.a\"",
					../blocks/OpenCV3/lib/macosx/libopencv_calib3d.a,
					../blocks/OpenCV3/lib/macosx/libopencv_core.a,
					../blocks/OpenCV3/lib/macosx/libopencv_features2d.a,
					../blocks/OpenCV3/lib/macosx/libopencv_flann.a,
					../blocks/OpenCV3/lib/macosx/libopencv_hal.a,
					../blocks/OpenCV3/lib/macosx/libopencv_imgproc.a,
					../blocks/OpenCV3/lib/macosx/libopencv_ml.a,
					../blocks/OpenCV3/lib/macosx/libopencv_objdetect.a,
					../blocks/OpenCV3/lib/macosx/libopencv_photo.a,
					../blocks/OpenCV3/lib/macosx/libopencv_shape.a,
					../blocks/OpenCV3/lib/macosx/libopencv_stitching.a,
					../blocks/OpenCV3/lib/macosx/libopencv_superres.a,
					../blocks/OpenCV3/lib/macosx/libopencv_video.a,
					../blocks/OpenCV3/lib/macosx/libopencv_ts.a,
					../blocks/OpenCV3/lib/macosx/libopencv_videoio.a,
					../blocks/OpenCV3/lib/macosx/libopencv_videostab.a,
					../blocks/OpenCV3/lib/macosx/libippicv.a,
					"\"-lz\"",
				);
				PRODUCT_BUNDLE_IDENTIFIER = "org.libcinder.${PRODUCT_NAME:rfc1034identifier}";
				PRODUCT_NAME = MicroCosmos;
				SYMROOT = ./build;
				WRAPPER_EXTENSION = app;
			};
			name = Debug;
		};
		C01FCF4C08A954540054247B /* Release */ = {
			isa = XCBuildConfiguration;
			buildSettings = {
				CINDER_PATH = ../../../Cinder;
				COMBINE_HIDPI_IMAGES = YES;
				DEAD_CODE_STRIPPING = YES;
				DEBUG_INFORMATION_FORMAT = "dwarf-with-dsym";
				GCC_FAST_MATH = YES;
				GCC_GENERATE_DEBUGGING_SYMBOLS = NO;
				GCC_INLINES_ARE_PRIVATE_EXTERN = YES;
				GCC_OPTIMIZATION_LEVEL = 3;
				GCC_PRECOMPILE_PREFIX_HEADER = YES;
				GCC_PREFIX_HEADER = MicroCosmos_Prefix.pch;
				GCC_PREPROCESSOR_DEFINITIONS = (
					"NDEBUG=1",
					"$(inherited)",
				);
				GCC_SYMBOLS_PRIVATE_EXTERN = NO;
				INFOPLIST_FILE = Info.plist;
				INSTALL_PATH = "$(HOME)/Applications";
				OTHER_LDFLAGS = (
					"\"$(CINDER_PATH)/lib/macosx/$(CONFIGURATION)/libcinder.a\"",
					../blocks/OpenCV3/lib/macosx/libopencv_calib3d.a,
					../blocks/OpenCV3/lib/macosx/libopencv_core.a,
					../blocks/OpenCV3/lib/macosx/libopencv_features2d.a,
					../blocks/OpenCV3/lib/macosx/libopencv_flann.a,
					../blocks/OpenCV3/lib/macosx/libopencv_hal.a,
					../blocks/OpenCV3/lib/macosx/libopencv_imgproc.a,
					../blocks/OpenCV3/lib/macosx/libopencv_ml.a,
					../blocks/OpenCV3/lib/macosx/libopencv_objdetect.a,
					../blocks/OpenCV3/lib/macosx/libopencv_photo.a,
					../blocks/OpenCV3/lib/macosx/libopencv_shape.a,
					../blocks/OpenCV3/lib/macosx/libopencv_stitching.a,
					../blocks/OpenCV3/lib/macosx/libopencv_superres.a,
					../blocks/OpenCV3/lib/macosx/libopencv_video.a,
					../blocks/OpenCV3/lib/macosx/libopencv_ts.a,
					../blocks/OpenCV3/lib/macosx/libopencv_videoio.a,
					../blocks/OpenCV3/lib/macosx/libopencv_videostab.a,
					../blocks/OpenCV3/lib/macosx/libippicv.a,
					"\"-lz\"",
				);
				PRODUCT_BUNDLE_IDENTIFIER = "org.libcinder.${PRODUCT_NAME:rfc1034identifier}";
				PRODUCT_NAME = MicroCosmos;
				STRIP_INSTALLED_PRODUCT = YES;
				SYMROOT = ./build;
				WRAPPER_EXTENSION = app;
			};
			name = Release;
		};
		C01FCF4F08A954540054247B /* Debug */ = {
			isa = XCBuildConfiguration;
			buildSettings = {
				ALWAYS_SEARCH_USER_PATHS = NO;
				CINDER_PATH = ../../github/Cinder;
				CLANG_CXX_LANGUAGE_STANDARD = "c++11";
				CLANG_CXX_LIBRARY = "libc++";
				ENABLE_TESTABILITY = YES;
				GCC_WARN_ABOUT_RETURN_TYPE = YES;
				GCC_WARN_UNUSED_VARIABLE = YES;
				HEADER_SEARCH_PATHS = "\"$(CINDER_PATH)/include\"";
				MACOSX_DEPLOYMENT_TARGET = 10.8;
				ONLY_ACTIVE_ARCH = YES;
				SDKROOT = macosx;
				USER_HEADER_SEARCH_PATHS = "\"$(CINDER_PATH)/include\" ../include ../blocks/OpenCV3/include ../blocks/poScene/src/poScene ../blocks/QuickTime/include";
			};
			name = Debug;
		};
		C01FCF5008A954540054247B /* Release */ = {
			isa = XCBuildConfiguration;
			buildSettings = {
				ALWAYS_SEARCH_USER_PATHS = NO;
				CINDER_PATH = ../../github/Cinder;
				CLANG_CXX_LANGUAGE_STANDARD = "c++11";
				CLANG_CXX_LIBRARY = "libc++";
				GCC_WARN_ABOUT_RETURN_TYPE = YES;
				GCC_WARN_UNUSED_VARIABLE = YES;
				HEADER_SEARCH_PATHS = "\"$(CINDER_PATH)/include\"";
				MACOSX_DEPLOYMENT_TARGET = 10.8;
				SDKROOT = macosx;
				USER_HEADER_SEARCH_PATHS = "\"$(CINDER_PATH)/include\" ../include ../blocks/OpenCV3/include ../blocks/poScene/src/poScene ../blocks/QuickTime/include";
			};
			name = Release;
		};
/* End XCBuildConfiguration section */

/* Begin XCConfigurationList section */
		C01FCF4A08A954540054247B /* Build configuration list for PBXNativeTarget "MicroCosmos" */ = {
			isa = XCConfigurationList;
			buildConfigurations = (
				C01FCF4B08A954540054247B /* Debug */,
				C01FCF4C08A954540054247B /* Release */,
			);
			defaultConfigurationIsVisible = 0;
			defaultConfigurationName = Release;
		};
		C01FCF4E08A954540054247B /* Build configuration list for PBXProject "MicroCosmos" */ = {
			isa = XCConfigurationList;
			buildConfigurations = (
				C01FCF4F08A954540054247B /* Debug */,
				C01FCF5008A954540054247B /* Release */,
			);
			defaultConfigurationIsVisible = 0;
			defaultConfigurationName = Release;
		};
/* End XCConfigurationList section */
	};
	rootObject = 29B97313FDCFA39411CA2CEA /* Project object */;
}
