<?xml version="1.0" encoding="utf-8"?>
<Project ToolsVersion="4.0" xmlns="http://schemas.microsoft.com/developer/msbuild/2003">
  <ItemGroup>
    <Filter Include="Source Files">
      <UniqueIdentifier>{4FC737F1-C7A5-4376-A066-2A32D752A2FF}</UniqueIdentifier>
      <Extensions>cpp;c;cc;cxx;def;odl;idl;hpj;bat;asm;asmx</Extensions>
    </Filter>
    <Filter Include="Header Files">
      <UniqueIdentifier>{93995380-89BD-4b04-88EB-625FBE52EBFB}</UniqueIdentifier>
      <Extensions>h;hpp;hxx;hm;inl;inc;xsd</Extensions>
    </Filter>
    <Filter Include="Resource Files">
      <UniqueIdentifier>{67DA6AB6-F800-4c08-8B7A-83BB121AAD01}</UniqueIdentifier>
      <Extensions>rc;ico;cur;bmp;dlg;rc2;rct;bin;rgs;gif;jpg;jpeg;jpe;resx;tiff;tif;png;wav</Extensions>
    </Filter>
    <Filter Include="Blocks">
      <UniqueIdentifier>{0C9016E6-1807-4728-B09F-C9960EF31945}</UniqueIdentifier>
    </Filter>
    <Filter Include="Blocks\OpenCV3">
      <UniqueIdentifier>{DF6BC4BC-6C76-47C4-A7F8-A9BC329C6193}</UniqueIdentifier>
    </Filter>
    <Filter Include="Blocks\OpenCV3\include">
      <UniqueIdentifier>{FBCC03A9-17F7-40F9-9036-AD4197BCE72A}</UniqueIdentifier>
    </Filter>
    <Filter Include="Blocks\poScene">
      <UniqueIdentifier>{2ED9C4F1-2990-49E0-9C7A-222A8310A379}</UniqueIdentifier>
    </Filter>
    <Filter Include="Blocks\poScene\src">
      <UniqueIdentifier>{2AFE90AC-3357-463B-8017-7A51B1915A6C}</UniqueIdentifier>
    </Filter>
    <Filter Include="Blocks\poScene\src\poScene">
      <UniqueIdentifier>{7113F58F-8033-4AB2-A3D2-39D27DA5293C}</UniqueIdentifier>
    </Filter>
  </ItemGroup>
  <ItemGroup>
    <ClCompile Include="..\src\MicroCosmosApp.cpp">
      <Filter>Source Files</Filter>
    </ClCompile>
    <ClCompile Include="..\src\MicroCosmosApp.cpp">
      <Filter>Source Files</Filter>
    </ClCompile>
    <ClInclude Include="..\include\Resources.h">
      <Filter>Header Files</Filter>
    </ClInclude>
    <ClInclude Include="..\blocks\OpenCV3\include\CinderOpenCV.h">
      <Filter>Blocks\OpenCV3\include</Filter>
    </ClInclude>
    <ClInclude Include="..\blocks\poScene\src\poScene\poEventCenter.h">
      <Filter>Blocks\poScene\src\poScene</Filter>
    </ClInclude>
    <ClInclude Include="..\blocks\poScene\src\poScene\poEvents.h">
      <Filter>Blocks\poScene\src\poScene</Filter>
    </ClInclude>
    <ClInclude Include="..\blocks\poScene\src\poScene\poImage.h">
      <Filter>Blocks\poScene\src\poScene</Filter>
    </ClInclude>
    <ClInclude Include="..\blocks\poScene\src\poScene\poMatrixSet.h">
      <Filter>Blocks\poScene\src\poScene</Filter>
    </ClInclude>
    <ClInclude Include="..\blocks\poScene\src\poScene\poNode.h">
      <Filter>Blocks\poScene\src\poScene</Filter>
    </ClInclude>
    <ClInclude Include="..\blocks\poScene\src\poScene\poNodeContainer.h">
      <Filter>Blocks\poScene\src\poScene</Filter>
    </ClInclude>
    <ClInclude Include="..\blocks\poScene\src\poScene\poScene.h">
      <Filter>Blocks\poScene\src\poScene</Filter>
    </ClInclude>
    <ClInclude Include="..\blocks\poScene\src\poScene\poShape.h">
      <Filter>Blocks\poScene\src\poScene</Filter>
    </ClInclude>
    <ClInclude Include="..\blocks\poScene\src\poScene\poTextBox.h">
      <Filter>Blocks\poScene\src\poScene</Filter>
    </ClInclude>
    <ClInclude Include="..\blocks\poScene\src\poScene\poTextureFit.h">
      <Filter>Blocks\poScene\src\poScene</Filter>
    </ClInclude>
    <ClInclude Include="..\blocks\poScene\src\poScene\poVideo.h">
      <Filter>Blocks\poScene\src\poScene</Filter>
    </ClInclude>
    <ClCompile Include="..\blocks\poScene\src\poScene\poEventCenter.cpp">
      <Filter>Blocks\poScene\src\poScene</Filter>
    </ClCompile>
    <ClCompile Include="..\blocks\poScene\src\poScene\poEvents.cpp">
      <Filter>Blocks\poScene\src\poScene</Filter>
    </ClCompile>
    <ClCompile Include="..\blocks\poScene\src\poScene\poImage.cpp">
      <Filter>Blocks\poScene\src\poScene</Filter>
    </ClCompile>
    <ClCompile Include="..\blocks\poScene\src\poScene\poMatrixSet.cpp">
      <Filter>Blocks\poScene\src\poScene</Filter>
    </ClCompile>
    <ClCompile Include="..\blocks\poScene\src\poScene\poNode.cpp">
      <Filter>Blocks\poScene\src\poScene</Filter>
    </ClCompile>
    <ClCompile Include="..\blocks\poScene\src\poScene\poNodeContainer.cpp">
      <Filter>Blocks\poScene\src\poScene</Filter>
    </ClCompile>
    <ClCompile Include="..\blocks\poScene\src\poScene\poScene.cpp">
      <Filter>Blocks\poScene\src\poScene</Filter>
    </ClCompile>
    <ClCompile Include="..\blocks\poScene\src\poScene\poShape.cpp">
      <Filter>Blocks\poScene\src\poScene</Filter>
    </ClCompile>
    <ClCompile Include="..\blocks\poScene\src\poScene\poTextBox.cpp">
      <Filter>Blocks\poScene\src\poScene</Filter>
    </ClCompile>
    <ClCompile Include="..\src\MicroCosmos.cpp">
      <Filter>Source Files</Filter>
    </ClCompile>
    <ClCompile Include="..\src\RealCard.cpp">
      <Filter>Source Files</Filter>
    </ClCompile>
    <ClCompile Include="..\src\Tracking.cpp">
      <Filter>Source Files</Filter>
    </ClCompile>
    <ClCompile Include="..\src\VirtualCard.cpp">
      <Filter>Source Files</Filter>
    </ClCompile>
    <ClCompile Include="..\src\aruco\src\arucofidmarkers.cpp">
      <Filter>Source Files</Filter>
    </ClCompile>
    <ClCompile Include="..\src\aruco\src\board.cpp">
      <Filter>Source Files</Filter>
    </ClCompile>
    <ClCompile Include="..\src\aruco\src\boarddetector.cpp">
      <Filter>Source Files</Filter>
    </ClCompile>
    <ClCompile Include="..\src\aruco\src\cameraparameters.cpp">
      <Filter>Source Files</Filter>
    </ClCompile>
    <ClCompile Include="..\src\aruco\src\cvdrawingutils.cpp">
      <Filter>Source Files</Filter>
    </ClCompile>
    <ClCompile Include="..\src\aruco\src\marker.cpp">
      <Filter>Source Files</Filter>
    </ClCompile>
    <ClCompile Include="..\src\aruco\src\markerdetector.cpp">
      <Filter>Source Files</Filter>
    </ClCompile>
  </ItemGroup>
  <ItemGroup>
    <ClInclude Include="..\include\Resources.h">
      <Filter>Header Files</Filter>
    </ClInclude>
    <ClInclude Include="..\include\MicroCosmos.hpp">
      <Filter>Header Files</Filter>
    </ClInclude>
    <ClInclude Include="..\include\RealCard.h">
      <Filter>Header Files</Filter>
    </ClInclude>
    <ClInclude Include="..\include\VirtualCard.hpp">
      <Filter>Header Files</Filter>
    </ClInclude>
    <ClInclude Include="..\src\Tracking.hpp">
      <Filter>Header Files</Filter>
    </ClInclude>
    <ClInclude Include="..\src\aruco\src\aruco.h">
      <Filter>Header Files</Filter>
    </ClInclude>
    <ClInclude Include="..\src\aruco\src\arucofidmarkers.h">
      <Filter>Header Files</Filter>
    </ClInclude>
    <ClInclude Include="..\src\aruco\src\board.h">
      <Filter>Header Files</Filter>
    </ClInclude>
    <ClInclude Include="..\src\aruco\src\boarddetector.h">
      <Filter>Header Files</Filter>
    </ClInclude>
    <ClInclude Include="..\src\aruco\src\cameraparameters.h">
      <Filter>Header Files</Filter>
    </ClInclude>
    <ClInclude Include="..\src\aruco\src\cvdrawingutils.h">
      <Filter>Header Files</Filter>
    </ClInclude>
    <ClInclude Include="..\src\aruco\src\exports.h">
      <Filter>Header Files</Filter>
    </ClInclude>
    <ClInclude Include="..\src\aruco\src\marker.h">
      <Filter>Header Files</Filter>
    </ClInclude>
    <ClInclude Include="..\src\aruco\src\markerdetector.h">
      <Filter>Header Files</Filter>
    </ClInclude>
  </ItemGroup>
  <ItemGroup>
    <ResourceCompile Include="Resources.rc">
      <Filter>Resource Files</Filter>
    </ResourceCompile>
  </ItemGroup>
  <ItemGroup>
    <Text Include="..\src\aruco\src\CMakeLists.txt" />
  </ItemGroup>
</Project>